// !$*UTF8*$!
{
	archiveVersion = 1;
	classes = {
	};
	objectVersion = 48;
	objects = {

/* Begin PBXBuildFile section */
		81415D871FEC4B1E00B4494A /* AppDelegate.swift in Sources */ = {isa = PBXBuildFile; fileRef = 81415D861FEC4B1E00B4494A /* AppDelegate.swift */; };
		81415D891FEC4B1E00B4494A /* ViewController.swift in Sources */ = {isa = PBXBuildFile; fileRef = 81415D881FEC4B1E00B4494A /* ViewController.swift */; };
		81415D8C1FEC4B1E00B4494A /* Main.storyboard in Resources */ = {isa = PBXBuildFile; fileRef = 81415D8A1FEC4B1E00B4494A /* Main.storyboard */; };
		81415D8E1FEC4B1E00B4494A /* Assets.xcassets in Resources */ = {isa = PBXBuildFile; fileRef = 81415D8D1FEC4B1E00B4494A /* Assets.xcassets */; };
		81415D911FEC4B1E00B4494A /* LaunchScreen.storyboard in Resources */ = {isa = PBXBuildFile; fileRef = 81415D8F1FEC4B1E00B4494A /* LaunchScreen.storyboard */; };
		81415D9C1FEC4B1E00B4494A /* ImagePickerTestTests.swift in Sources */ = {isa = PBXBuildFile; fileRef = 81415D9B1FEC4B1E00B4494A /* ImagePickerTestTests.swift */; };
		81415DA71FEC4B1E00B4494A /* ImagePickerTestUITests.swift in Sources */ = {isa = PBXBuildFile; fileRef = 81415DA61FEC4B1E00B4494A /* ImagePickerTestUITests.swift */; };
/* End PBXBuildFile section */

/* Begin PBXContainerItemProxy section */
		81415D981FEC4B1E00B4494A /* PBXContainerItemProxy */ = {
			isa = PBXContainerItemProxy;
			containerPortal = 81415D7B1FEC4B1E00B4494A /* Project object */;
			proxyType = 1;
			remoteGlobalIDString = 81415D821FEC4B1E00B4494A;
			remoteInfo = ImagePickerTest;
		};
		81415DA31FEC4B1E00B4494A /* PBXContainerItemProxy */ = {
			isa = PBXContainerItemProxy;
			containerPortal = 81415D7B1FEC4B1E00B4494A /* Project object */;
			proxyType = 1;
			remoteGlobalIDString = 81415D821FEC4B1E00B4494A;
			remoteInfo = ImagePickerTest;
		};
/* End PBXContainerItemProxy section */

/* Begin PBXFileReference section */
		81415D831FEC4B1E00B4494A /* ImagePickerTest.app */ = {isa = PBXFileReference; explicitFileType = wrapper.application; includeInIndex = 0; path = ImagePickerTest.app; sourceTree = BUILT_PRODUCTS_DIR; };
		81415D861FEC4B1E00B4494A /* AppDelegate.swift */ = {isa = PBXFileReference; lastKnownFileType = sourcecode.swift; path = AppDelegate.swift; sourceTree = "<group>"; };
		81415D881FEC4B1E00B4494A /* ViewController.swift */ = {isa = PBXFileReference; lastKnownFileType = sourcecode.swift; path = ViewController.swift; sourceTree = "<group>"; };
		81415D8B1FEC4B1E00B4494A /* Base */ = {isa = PBXFileReference; lastKnownFileType = file.storyboard; name = Base; path = Base.lproj/Main.storyboard; sourceTree = "<group>"; };
		81415D8D1FEC4B1E00B4494A /* Assets.xcassets */ = {isa = PBXFileReference; lastKnownFileType = folder.assetcatalog; path = Assets.xcassets; sourceTree = "<group>"; };
		81415D901FEC4B1E00B4494A /* Base */ = {isa = PBXFileReference; lastKnownFileType = file.storyboard; name = Base; path = Base.lproj/LaunchScreen.storyboard; sourceTree = "<group>"; };
		81415D921FEC4B1E00B4494A /* Info.plist */ = {isa = PBXFileReference; lastKnownFileType = text.plist.xml; path = Info.plist; sourceTree = "<group>"; };
		81415D971FEC4B1E00B4494A /* ImagePickerTestTests.xctest */ = {isa = PBXFileReference; explicitFileType = wrapper.cfbundle; includeInIndex = 0; path = ImagePickerTestTests.xctest; sourceTree = BUILT_PRODUCTS_DIR; };
		81415D9B1FEC4B1E00B4494A /* ImagePickerTestTests.swift */ = {isa = PBXFileReference; lastKnownFileType = sourcecode.swift; path = ImagePickerTestTests.swift; sourceTree = "<group>"; };
		81415D9D1FEC4B1E00B4494A /* Info.plist */ = {isa = PBXFileReference; lastKnownFileType = text.plist.xml; path = Info.plist; sourceTree = "<group>"; };
		81415DA21FEC4B1E00B4494A /* ImagePickerTestUITests.xctest */ = {isa = PBXFileReference; explicitFileType = wrapper.cfbundle; includeInIndex = 0; path = ImagePickerTestUITests.xctest; sourceTree = BUILT_PRODUCTS_DIR; };
		81415DA61FEC4B1E00B4494A /* ImagePickerTestUITests.swift */ = {isa = PBXFileReference; lastKnownFileType = sourcecode.swift; path = ImagePickerTestUITests.swift; sourceTree = "<group>"; };
		81415DA81FEC4B1E00B4494A /* Info.plist */ = {isa = PBXFileReference; lastKnownFileType = text.plist.xml; path = Info.plist; sourceTree = "<group>"; };
/* End PBXFileReference section */

/* Begin PBXFrameworksBuildPhase section */
		81415D801FEC4B1E00B4494A /* Frameworks */ = {
			isa = PBXFrameworksBuildPhase;
			buildActionMask = 2147483647;
			files = (
			);
			runOnlyForDeploymentPostprocessing = 0;
		};
		81415D941FEC4B1E00B4494A /* Frameworks */ = {
			isa = PBXFrameworksBuildPhase;
			buildActionMask = 2147483647;
			files = (
			);
			runOnlyForDeploymentPostprocessing = 0;
		};
		81415D9F1FEC4B1E00B4494A /* Frameworks */ = {
			isa = PBXFrameworksBuildPhase;
			buildActionMask = 2147483647;
			files = (
			);
			runOnlyForDeploymentPostprocessing = 0;
		};
/* End PBXFrameworksBuildPhase section */

/* Begin PBXGroup section */
		81415D7A1FEC4B1E00B4494A = {
			isa = PBXGroup;
			children = (
				81415D851FEC4B1E00B4494A /* ImagePickerTest */,
				81415D9A1FEC4B1E00B4494A /* ImagePickerTestTests */,
				81415DA51FEC4B1E00B4494A /* ImagePickerTestUITests */,
				81415D841FEC4B1E00B4494A /* Products */,
			);
			sourceTree = "<group>";
		};
		81415D841FEC4B1E00B4494A /* Products */ = {
			isa = PBXGroup;
			children = (
				81415D831FEC4B1E00B4494A /* ImagePickerTest.app */,
				81415D971FEC4B1E00B4494A /* ImagePickerTestTests.xctest */,
				81415DA21FEC4B1E00B4494A /* ImagePickerTestUITests.xctest */,
			);
			name = Products;
			sourceTree = "<group>";
		};
		81415D851FEC4B1E00B4494A /* ImagePickerTest */ = {
			isa = PBXGroup;
			children = (
				81415D861FEC4B1E00B4494A /* AppDelegate.swift */,
				81415D881FEC4B1E00B4494A /* ViewController.swift */,
				81415D8A1FEC4B1E00B4494A /* Main.storyboard */,
				81415D8D1FEC4B1E00B4494A /* Assets.xcassets */,
				81415D8F1FEC4B1E00B4494A /* LaunchScreen.storyboard */,
				81415D921FEC4B1E00B4494A /* Info.plist */,
			);
			path = ImagePickerTest;
			sourceTree = "<group>";
		};
		81415D9A1FEC4B1E00B4494A /* ImagePickerTestTests */ = {
			isa = PBXGroup;
			children = (
				81415D9B1FEC4B1E00B4494A /* ImagePickerTestTests.swift */,
				81415D9D1FEC4B1E00B4494A /* Info.plist */,
			);
			path = ImagePickerTestTests;
			sourceTree = "<group>";
		};
		81415DA51FEC4B1E00B4494A /* ImagePickerTestUITests */ = {
			isa = PBXGroup;
			children = (
				81415DA61FEC4B1E00B4494A /* ImagePickerTestUITests.swift */,
				81415DA81FEC4B1E00B4494A /* Info.plist */,
			);
			path = ImagePickerTestUITests;
			sourceTree = "<group>";
		};
/* End PBXGroup section */

/* Begin PBXNativeTarget section */
		81415D821FEC4B1E00B4494A /* ImagePickerTest */ = {
			isa = PBXNativeTarget;
			buildConfigurationList = 81415DAB1FEC4B1E00B4494A /* Build configuration list for PBXNativeTarget "ImagePickerTest" */;
			buildPhases = (
				81415D7F1FEC4B1E00B4494A /* Sources */,
				81415D801FEC4B1E00B4494A /* Frameworks */,
				81415D811FEC4B1E00B4494A /* Resources */,
			);
			buildRules = (
			);
			dependencies = (
			);
			name = ImagePickerTest;
			productName = ImagePickerTest;
			productReference = 81415D831FEC4B1E00B4494A /* ImagePickerTest.app */;
			productType = "com.apple.product-type.application";
		};
		81415D961FEC4B1E00B4494A /* ImagePickerTestTests */ = {
			isa = PBXNativeTarget;
			buildConfigurationList = 81415DAE1FEC4B1E00B4494A /* Build configuration list for PBXNativeTarget "ImagePickerTestTests" */;
			buildPhases = (
				81415D931FEC4B1E00B4494A /* Sources */,
				81415D941FEC4B1E00B4494A /* Frameworks */,
				81415D951FEC4B1E00B4494A /* Resources */,
			);
			buildRules = (
			);
			dependencies = (
				81415D991FEC4B1E00B4494A /* PBXTargetDependency */,
			);
			name = ImagePickerTestTests;
			productName = ImagePickerTestTests;
			productReference = 81415D971FEC4B1E00B4494A /* ImagePickerTestTests.xctest */;
			productType = "com.apple.product-type.bundle.unit-test";
		};
		81415DA11FEC4B1E00B4494A /* ImagePickerTestUITests */ = {
			isa = PBXNativeTarget;
			buildConfigurationList = 81415DB11FEC4B1E00B4494A /* Build configuration list for PBXNativeTarget "ImagePickerTestUITests" */;
			buildPhases = (
				81415D9E1FEC4B1E00B4494A /* Sources */,
				81415D9F1FEC4B1E00B4494A /* Frameworks */,
				81415DA01FEC4B1E00B4494A /* Resources */,
			);
			buildRules = (
			);
			dependencies = (
				81415DA41FEC4B1E00B4494A /* PBXTargetDependency */,
			);
			name = ImagePickerTestUITests;
			productName = ImagePickerTestUITests;
			productReference = 81415DA21FEC4B1E00B4494A /* ImagePickerTestUITests.xctest */;
			productType = "com.apple.product-type.bundle.ui-testing";
		};
/* End PBXNativeTarget section */

/* Begin PBXProject section */
		81415D7B1FEC4B1E00B4494A /* Project object */ = {
			isa = PBXProject;
			attributes = {
				LastSwiftUpdateCheck = 0920;
				LastUpgradeCheck = 0920;
				ORGANIZATIONNAME = "Vikash Hart";
				TargetAttributes = {
					81415D821FEC4B1E00B4494A = {
						CreatedOnToolsVersion = 9.2;
						ProvisioningStyle = Automatic;
					};
					81415D961FEC4B1E00B4494A = {
						CreatedOnToolsVersion = 9.2;
						ProvisioningStyle = Automatic;
						TestTargetID = 81415D821FEC4B1E00B4494A;
					};
					81415DA11FEC4B1E00B4494A = {
						CreatedOnToolsVersion = 9.2;
						ProvisioningStyle = Automatic;
						TestTargetID = 81415D821FEC4B1E00B4494A;
					};
				};
			};
			buildConfigurationList = 81415D7E1FEC4B1E00B4494A /* Build configuration list for PBXProject "ImagePickerTest" */;
			compatibilityVersion = "Xcode 8.0";
			developmentRegion = en;
			hasScannedForEncodings = 0;
			knownRegions = (
				en,
				Base,
			);
			mainGroup = 81415D7A1FEC4B1E00B4494A;
			productRefGroup = 81415D841FEC4B1E00B4494A /* Products */;
			projectDirPath = "";
			projectRoot = "";
			targets = (
				81415D821FEC4B1E00B4494A /* ImagePickerTest */,
				81415D961FEC4B1E00B4494A /* ImagePickerTestTests */,
				81415DA11FEC4B1E00B4494A /* ImagePickerTestUITests */,
			);
		};
/* End PBXProject section */

/* Begin PBXResourcesBuildPhase section */
		81415D811FEC4B1E00B4494A /* Resources */ = {
			isa = PBXResourcesBuildPhase;
			buildActionMask = 2147483647;
			files = (
				81415D911FEC4B1E00B4494A /* LaunchScreen.storyboard in Resources */,
				81415D8E1FEC4B1E00B4494A /* Assets.xcassets in Resources */,
				81415D8C1FEC4B1E00B4494A /* Main.storyboard in Resources */,
			);
			runOnlyForDeploymentPostprocessing = 0;
		};
		81415D951FEC4B1E00B4494A /* Resources */ = {
			isa = PBXResourcesBuildPhase;
			buildActionMask = 2147483647;
			files = (
			);
			runOnlyForDeploymentPostprocessing = 0;
		};
		81415DA01FEC4B1E00B4494A /* Resources */ = {
			isa = PBXResourcesBuildPhase;
			buildActionMask = 2147483647;
			files = (
			);
			runOnlyForDeploymentPostprocessing = 0;
		};
/* End PBXResourcesBuildPhase section */

/* Begin PBXSourcesBuildPhase section */
		81415D7F1FEC4B1E00B4494A /* Sources */ = {
			isa = PBXSourcesBuildPhase;
			buildActionMask = 2147483647;
			files = (
				81415D891FEC4B1E00B4494A /* ViewController.swift in Sources */,
				81415D871FEC4B1E00B4494A /* AppDelegate.swift in Sources */,
			);
			runOnlyForDeploymentPostprocessing = 0;
		};
		81415D931FEC4B1E00B4494A /* Sources */ = {
			isa = PBXSourcesBuildPhase;
			buildActionMask = 2147483647;
			files = (
				81415D9C1FEC4B1E00B4494A /* ImagePickerTestTests.swift in Sources */,
			);
			runOnlyForDeploymentPostprocessing = 0;
		};
		81415D9E1FEC4B1E00B4494A /* Sources */ = {
			isa = PBXSourcesBuildPhase;
			buildActionMask = 2147483647;
			files = (
				81415DA71FEC4B1E00B4494A /* ImagePickerTestUITests.swift in Sources */,
			);
			runOnlyForDeploymentPostprocessing = 0;
		};
/* End PBXSourcesBuildPhase section */

/* Begin PBXTargetDependency section */
		81415D991FEC4B1E00B4494A /* PBXTargetDependency */ = {
			isa = PBXTargetDependency;
			target = 81415D821FEC4B1E00B4494A /* ImagePickerTest */;
			targetProxy = 81415D981FEC4B1E00B4494A /* PBXContainerItemProxy */;
		};
		81415DA41FEC4B1E00B4494A /* PBXTargetDependency */ = {
			isa = PBXTargetDependency;
			target = 81415D821FEC4B1E00B4494A /* ImagePickerTest */;
			targetProxy = 81415DA31FEC4B1E00B4494A /* PBXContainerItemProxy */;
		};
/* End PBXTargetDependency section */

/* Begin PBXVariantGroup section */
		81415D8A1FEC4B1E00B4494A /* Main.storyboard */ = {
			isa = PBXVariantGroup;
			children = (
				81415D8B1FEC4B1E00B4494A /* Base */,
			);
			name = Main.storyboard;
			sourceTree = "<group>";
		};
		81415D8F1FEC4B1E00B4494A /* LaunchScreen.storyboard */ = {
			isa = PBXVariantGroup;
			children = (
				81415D901FEC4B1E00B4494A /* Base */,
			);
			name = LaunchScreen.storyboard;
			sourceTree = "<group>";
		};
/* End PBXVariantGroup section */

/* Begin XCBuildConfiguration section */
		81415DA91FEC4B1E00B4494A /* Debug */ = {
			isa = XCBuildConfiguration;
			buildSettings = {
				ALWAYS_SEARCH_USER_PATHS = NO;
				CLANG_ANALYZER_NONNULL = YES;
				CLANG_ANALYZER_NUMBER_OBJECT_CONVERSION = YES_AGGRESSIVE;
				CLANG_CXX_LANGUAGE_STANDARD = "gnu++14";
				CLANG_CXX_LIBRARY = "libc++";
				CLANG_ENABLE_MODULES = YES;
				CLANG_ENABLE_OBJC_ARC = YES;
				CLANG_WARN_BLOCK_CAPTURE_AUTORELEASING = YES;
				CLANG_WARN_BOOL_CONVERSION = YES;
				CLANG_WARN_COMMA = YES;
				CLANG_WARN_CONSTANT_CONVERSION = YES;
				CLANG_WARN_DIRECT_OBJC_ISA_USAGE = YES_ERROR;
				CLANG_WARN_DOCUMENTATION_COMMENTS = YES;
				CLANG_WARN_EMPTY_BODY = YES;
				CLANG_WARN_ENUM_CONVERSION = YES;
				CLANG_WARN_INFINITE_RECURSION = YES;
				CLANG_WARN_INT_CONVERSION = YES;
				CLANG_WARN_NON_LITERAL_NULL_CONVERSION = YES;
				CLANG_WARN_OBJC_LITERAL_CONVERSION = YES;
				CLANG_WARN_OBJC_ROOT_CLASS = YES_ERROR;
				CLANG_WARN_RANGE_LOOP_ANALYSIS = YES;
				CLANG_WARN_STRICT_PROTOTYPES = YES;
				CLANG_WARN_SUSPICIOUS_MOVE = YES;
				CLANG_WARN_UNGUARDED_AVAILABILITY = YES_AGGRESSIVE;
				CLANG_WARN_UNREACHABLE_CODE = YES;
				CLANG_WARN__DUPLICATE_METHOD_MATCH = YES;
				CODE_SIGN_IDENTITY = "iPhone Developer";
				COPY_PHASE_STRIP = NO;
				DEBUG_INFORMATION_FORMAT = dwarf;
				ENABLE_STRICT_OBJC_MSGSEND = YES;
				ENABLE_TESTABILITY = YES;
				GCC_C_LANGUAGE_STANDARD = gnu11;
				GCC_DYNAMIC_NO_PIC = NO;
				GCC_NO_COMMON_BLOCKS = YES;
				GCC_OPTIMIZATION_LEVEL = 0;
				GCC_PREPROCESSOR_DEFINITIONS = (
					"DEBUG=1",
					"$(inherited)",
				);
				GCC_WARN_64_TO_32_BIT_CONVERSION = YES;
				GCC_WARN_ABOUT_RETURN_TYPE = YES_ERROR;
				GCC_WARN_UNDECLARED_SELECTOR = YES;
				GCC_WARN_UNINITIALIZED_AUTOS = YES_AGGRESSIVE;
				GCC_WARN_UNUSED_FUNCTION = YES;
				GCC_WARN_UNUSED_VARIABLE = YES;
				IPHONEOS_DEPLOYMENT_TARGET = 11.2;
				MTL_ENABLE_DEBUG_INFO = YES;
				ONLY_ACTIVE_ARCH = YES;
				SDKROOT = iphoneos;
				SWIFT_ACTIVE_COMPILATION_CONDITIONS = DEBUG;
				SWIFT_OPTIMIZATION_LEVEL = "-Onone";
			};
			name = Debug;
		};
		81415DAA1FEC4B1E00B4494A /* Release */ = {
			isa = XCBuildConfiguration;
			buildSettings = {
				ALWAYS_SEARCH_USER_PATHS = NO;
				CLANG_ANALYZER_NONNULL = YES;
				CLANG_ANALYZER_NUMBER_OBJECT_CONVERSION = YES_AGGRESSIVE;
				CLANG_CXX_LANGUAGE_STANDARD = "gnu++14";
				CLANG_CXX_LIBRARY = "libc++";
				CLANG_ENABLE_MODULES = YES;
				CLANG_ENABLE_OBJC_ARC = YES;
				CLANG_WARN_BLOCK_CAPTURE_AUTORELEASING = YES;
				CLANG_WARN_BOOL_CONVERSION = YES;
				CLANG_WARN_COMMA = YES;
				CLANG_WARN_CONSTANT_CONVERSION = YES;
				CLANG_WARN_DIRECT_OBJC_ISA_USAGE = YES_ERROR;
				CLANG_WARN_DOCUMENTATION_COMMENTS = YES;
				CLANG_WARN_EMPTY_BODY = YES;
				CLANG_WARN_ENUM_CONVERSION = YES;
				CLANG_WARN_INFINITE_RECURSION = YES;
				CLANG_WARN_INT_CONVERSION = YES;
				CLANG_WARN_NON_LITERAL_NULL_CONVERSION = YES;
				CLANG_WARN_OBJC_LITERAL_CONVERSION = YES;
				CLANG_WARN_OBJC_ROOT_CLASS = YES_ERROR;
				CLANG_WARN_RANGE_LOOP_ANALYSIS = YES;
				CLANG_WARN_STRICT_PROTOTYPES = YES;
				CLANG_WARN_SUSPICIOUS_MOVE = YES;
				CLANG_WARN_UNGUARDED_AVAILABILITY = YES_AGGRESSIVE;
				CLANG_WARN_UNREACHABLE_CODE = YES;
				CLANG_WARN__DUPLICATE_METHOD_MATCH = YES;
				CODE_SIGN_IDENTITY = "iPhone Developer";
				COPY_PHASE_STRIP = NO;
				DEBUG_INFORMATION_FORMAT = "dwarf-with-dsym";
				ENABLE_NS_ASSERTIONS = NO;
				ENABLE_STRICT_OBJC_MSGSEND = YES;
				GCC_C_LANGUAGE_STANDARD = gnu11;
				GCC_NO_COMMON_BLOCKS = YES;
				GCC_WARN_64_TO_32_BIT_CONVERSION = YES;
				GCC_WARN_ABOUT_RETURN_TYPE = YES_ERROR;
				GCC_WARN_UNDECLARED_SELECTOR = YES;
				GCC_WARN_UNINITIALIZED_AUTOS = YES_AGGRESSIVE;
				GCC_WARN_UNUSED_FUNCTION = YES;
				GCC_WARN_UNUSED_VARIABLE = YES;
				IPHONEOS_DEPLOYMENT_TARGET = 11.2;
				MTL_ENABLE_DEBUG_INFO = NO;
				SDKROOT = iphoneos;
				SWIFT_OPTIMIZATION_LEVEL = "-Owholemodule";
				VALIDATE_PRODUCT = YES;
			};
			name = Release;
		};
		81415DAC1FEC4B1E00B4494A /* Debug */ = {
			isa = XCBuildConfiguration;
			buildSettings = {
				ASSETCATALOG_COMPILER_APPICON_NAME = AppIcon;
				CODE_SIGN_STYLE = Automatic;
				INFOPLIST_FILE = ImagePickerTest/Info.plist;
				LD_RUNPATH_SEARCH_PATHS = "$(inherited) @executable_path/Frameworks";
				PRODUCT_BUNDLE_IDENTIFIER = "Vikash-Hart.ImagePickerTest";
				PRODUCT_NAME = "$(TARGET_NAME)";
				SWIFT_VERSION = 4.0;
				TARGETED_DEVICE_FAMILY = "1,2";
			};
			name = Debug;
		};
		81415DAD1FEC4B1E00B4494A /* Release */ = {
			isa = XCBuildConfiguration;
			buildSettings = {
				ASSETCATALOG_COMPILER_APPICON_NAME = AppIcon;
				CODE_SIGN_STYLE = Automatic;
				INFOPLIST_FILE = ImagePickerTest/Info.plist;
				LD_RUNPATH_SEARCH_PATHS = "$(inherited) @executable_path/Frameworks";
				PRODUCT_BUNDLE_IDENTIFIER = "Vikash-Hart.ImagePickerTest";
				PRODUCT_NAME = "$(TARGET_NAME)";
				SWIFT_VERSION = 4.0;
				TARGETED_DEVICE_FAMILY = "1,2";
			};
			name = Release;
		};
		81415DAF1FEC4B1E00B4494A /* Debug */ = {
			isa = XCBuildConfiguration;
			buildSettings = {
				ALWAYS_EMBED_SWIFT_STANDARD_LIBRARIES = YES;
				BUNDLE_LOADER = "$(TEST_HOST)";
				CODE_SIGN_STYLE = Automatic;
				INFOPLIST_FILE = ImagePickerTestTests/Info.plist;
				LD_RUNPATH_SEARCH_PATHS = "$(inherited) @executable_path/Frameworks @loader_path/Frameworks";
				PRODUCT_BUNDLE_IDENTIFIER = "Vikash-Hart.ImagePickerTestTests";
				PRODUCT_NAME = "$(TARGET_NAME)";
				SWIFT_VERSION = 4.0;
				TARGETED_DEVICE_FAMILY = "1,2";
				TEST_HOST = "$(BUILT_PRODUCTS_DIR)/ImagePickerTest.app/ImagePickerTest";
			};
			name = Debug;
		};
		81415DB01FEC4B1E00B4494A /* Release */ = {
			isa = XCBuildConfiguration;
			buildSettings = {
				ALWAYS_EMBED_SWIFT_STANDARD_LIBRARIES = YES;
				BUNDLE_LOADER = "$(TEST_HOST)";
				CODE_SIGN_STYLE = Automatic;
				INFOPLIST_FILE = ImagePickerTestTests/Info.plist;
				LD_RUNPATH_SEARCH_PATHS = "$(inherited) @executable_path/Frameworks @loader_path/Frameworks";
				PRODUCT_BUNDLE_IDENTIFIER = "Vikash-Hart.ImagePickerTestTests";
				PRODUCT_NAME = "$(TARGET_NAME)";
				SWIFT_VERSION = 4.0;
				TARGETED_DEVICE_FAMILY = "1,2";
				TEST_HOST = "$(BUILT_PRODUCTS_DIR)/ImagePickerTest.app/ImagePickerTest";
			};
			name = Release;
		};
		81415DB21FEC4B1E00B4494A /* Debug */ = {
			isa = XCBuildConfiguration;
			buildSettings = {
				ALWAYS_EMBED_SWIFT_STANDARD_LIBRARIES = YES;
				CODE_SIGN_STYLE = Automatic;
				INFOPLIST_FILE = ImagePickerTestUITests/Info.plist;
				LD_RUNPATH_SEARCH_PATHS = "$(inherited) @executable_path/Frameworks @loader_path/Frameworks";
				PRODUCT_BUNDLE_IDENTIFIER = "Vikash-Hart.ImagePickerTestUITests";
				PRODUCT_NAME = "$(TARGET_NAME)";
				SWIFT_VERSION = 4.0;
				TARGETED_DEVICE_FAMILY = "1,2";
				TEST_TARGET_NAME = ImagePickerTest;
			};
			name = Debug;
		};
		81415DB31FEC4B1E00B4494A /* Release */ = {
			isa = XCBuildConfiguration;
			buildSettings = {
				ALWAYS_EMBED_SWIFT_STANDARD_LIBRARIES = YES;
				CODE_SIGN_STYLE = Automatic;
				INFOPLIST_FILE = ImagePickerTestUITests/Info.plist;
				LD_RUNPATH_SEARCH_PATHS = "$(inherited) @executable_path/Frameworks @loader_path/Frameworks";
				PRODUCT_BUNDLE_IDENTIFIER = "Vikash-Hart.ImagePickerTestUITests";
				PRODUCT_NAME = "$(TARGET_NAME)";
				SWIFT_VERSION = 4.0;
				TARGETED_DEVICE_FAMILY = "1,2";
				TEST_TARGET_NAME = ImagePickerTest;
			};
			name = Release;
		};
/* End XCBuildConfiguration section */

/* Begin XCConfigurationList section */
		81415D7E1FEC4B1E00B4494A /* Build configuration list for PBXProject "ImagePickerTest" */ = {
			isa = XCConfigurationList;
			buildConfigurations = (
				81415DA91FEC4B1E00B4494A /* Debug */,
				81415DAA1FEC4B1E00B4494A /* Release */,
			);
			defaultConfigurationIsVisible = 0;
			defaultConfigurationName = Release;
		};
		81415DAB1FEC4B1E00B4494A /* Build configuration list for PBXNativeTarget "ImagePickerTest" */ = {
			isa = XCConfigurationList;
			buildConfigurations = (
				81415DAC1FEC4B1E00B4494A /* Debug */,
				81415DAD1FEC4B1E00B4494A /* Release */,
			);
			defaultConfigurationIsVisible = 0;
			defaultConfigurationName = Release;
		};
		81415DAE1FEC4B1E00B4494A /* Build configuration list for PBXNativeTarget "ImagePickerTestTests" */ = {
			isa = XCConfigurationList;
			buildConfigurations = (
				81415DAF1FEC4B1E00B4494A /* Debug */,
				81415DB01FEC4B1E00B4494A /* Release */,
			);
			defaultConfigurationIsVisible = 0;
			defaultConfigurationName = Release;
		};
		81415DB11FEC4B1E00B4494A /* Build configuration list for PBXNativeTarget "ImagePickerTestUITests" */ = {
			isa = XCConfigurationList;
			buildConfigurations = (
				81415DB21FEC4B1E00B4494A /* Debug */,
				81415DB31FEC4B1E00B4494A /* Release */,
			);
			defaultConfigurationIsVisible = 0;
			defaultConfigurationName = Release;
		};
/* End XCConfigurationList section */
	};
	rootObject = 81415D7B1FEC4B1E00B4494A /* Project object */;
}
